hash: 95f28376562e3f4f0f11077a40f0347381f5b55f0442dc4fe910f9014c322bc7
updated: 2017-09-28T06:18:31.437319222Z
imports:
- name: github.com/dgrijalva/jwt-go
  version: a539ee1a749a2b895533f979515ac7e6e0f5b650
- name: github.com/labstack/echo
  version: a625e589cffa33eac768ab98bc21518cef786e2d
  subpackages:
  - middleware
- name: github.com/labstack/gommon
  version: 57409ada9da0f2afad6664c49502f8c50fbd8476
  subpackages:
  - bytes
  - color
  - log
  - random
- name: github.com/mattn/go-colorable
  version: ad5389df28cdac544c99bd7b9161a0b5b6ca9d1b
- name: github.com/mattn/go-isatty
  version: a5cdd64afdee435007ee3e9f6ed4684af949d568
- name: github.com/valyala/bytebufferpool
  version: e746df99fe4a3986f4d4f79e13c1e0117ce9c2f7
- name: github.com/valyala/fasttemplate
  version: dcecefd839c4193db0d35b88ec65b4c12d360ab0
- name: golang.org/x/crypto
  version: c84b36c635ad003a10f0c755dff5685ceef18c71
  subpackages:
  - acme
  - acme/autocert
- name: golang.org/x/sys
  version: 314a259e304ff91bd6985da2a7149bbf91237993
  subpackages:
  - unix
testImports: []
